// !$*UTF8*$!
{
	archiveVersion = 1;
	classes = {
	};
	objectVersion = 46;
	objects = {

/* Begin PBXBuildFile section */
		9ADB1E6B1EE5F934006E22E3 /* AppDelegate.swift in Sources */ = {isa = PBXBuildFile; fileRef = 9ADB1E6A1EE5F934006E22E3 /* AppDelegate.swift */; };
		9ADB1E6D1EE5F934006E22E3 /* ViewController.swift in Sources */ = {isa = PBXBuildFile; fileRef = 9ADB1E6C1EE5F934006E22E3 /* ViewController.swift */; };
		9ADB1E701EE5F934006E22E3 /* Main.storyboard in Resources */ = {isa = PBXBuildFile; fileRef = 9ADB1E6E1EE5F934006E22E3 /* Main.storyboard */; };
		9ADB1E731EE5F934006E22E3 /* PokemonGO.xcdatamodeld in Sources */ = {isa = PBXBuildFile; fileRef = 9ADB1E711EE5F934006E22E3 /* PokemonGO.xcdatamodeld */; };
		9ADB1E751EE5F934006E22E3 /* Assets.xcassets in Resources */ = {isa = PBXBuildFile; fileRef = 9ADB1E741EE5F934006E22E3 /* Assets.xcassets */; };
		9ADB1E781EE5F934006E22E3 /* LaunchScreen.storyboard in Resources */ = {isa = PBXBuildFile; fileRef = 9ADB1E761EE5F934006E22E3 /* LaunchScreen.storyboard */; };
		9ADB1E811EE5FA1F006E22E3 /* MapKit.framework in Frameworks */ = {isa = PBXBuildFile; fileRef = 9ADB1E801EE5FA1F006E22E3 /* MapKit.framework */; };
/* End PBXBuildFile section */

/* Begin PBXFileReference section */
		9ADB1E671EE5F934006E22E3 /* PokemonGO.app */ = {isa = PBXFileReference; explicitFileType = wrapper.application; includeInIndex = 0; path = PokemonGO.app; sourceTree = BUILT_PRODUCTS_DIR; };
		9ADB1E6A1EE5F934006E22E3 /* AppDelegate.swift */ = {isa = PBXFileReference; lastKnownFileType = sourcecode.swift; path = AppDelegate.swift; sourceTree = "<group>"; };
		9ADB1E6C1EE5F934006E22E3 /* ViewController.swift */ = {isa = PBXFileReference; lastKnownFileType = sourcecode.swift; path = ViewController.swift; sourceTree = "<group>"; };
		9ADB1E6F1EE5F934006E22E3 /* Base */ = {isa = PBXFileReference; lastKnownFileType = file.storyboard; name = Base; path = Base.lproj/Main.storyboard; sourceTree = "<group>"; };
		9ADB1E721EE5F934006E22E3 /* PokemonGO.xcdatamodel */ = {isa = PBXFileReference; lastKnownFileType = wrapper.xcdatamodel; path = PokemonGO.xcdatamodel; sourceTree = "<group>"; };
		9ADB1E741EE5F934006E22E3 /* Assets.xcassets */ = {isa = PBXFileReference; lastKnownFileType = folder.assetcatalog; path = Assets.xcassets; sourceTree = "<group>"; };
		9ADB1E771EE5F934006E22E3 /* Base */ = {isa = PBXFileReference; lastKnownFileType = file.storyboard; name = Base; path = Base.lproj/LaunchScreen.storyboard; sourceTree = "<group>"; };
		9ADB1E791EE5F934006E22E3 /* Info.plist */ = {isa = PBXFileReference; lastKnownFileType = text.plist.xml; path = Info.plist; sourceTree = "<group>"; };
		9ADB1E801EE5FA1F006E22E3 /* MapKit.framework */ = {isa = PBXFileReference; lastKnownFileType = wrapper.framework; name = MapKit.framework; path = System/Library/Frameworks/MapKit.framework; sourceTree = SDKROOT; };
/* End PBXFileReference section */

/* Begin PBXFrameworksBuildPhase section */
		9ADB1E641EE5F934006E22E3 /* Frameworks */ = {
			isa = PBXFrameworksBuildPhase;
			buildActionMask = 2147483647;
			files = (
				9ADB1E811EE5FA1F006E22E3 /* MapKit.framework in Frameworks */,
			);
			runOnlyForDeploymentPostprocessing = 0;
		};
/* End PBXFrameworksBuildPhase section */

/* Begin PBXGroup section */
		9ADB1E5E1EE5F934006E22E3 = {
			isa = PBXGroup;
			children = (
				9ADB1E691EE5F934006E22E3 /* PokemonGO */,
				9ADB1E681EE5F934006E22E3 /* Products */,
				9ADB1E7F1EE5FA1E006E22E3 /* Frameworks */,
			);
			sourceTree = "<group>";
		};
		9ADB1E681EE5F934006E22E3 /* Products */ = {
			isa = PBXGroup;
			children = (
				9ADB1E671EE5F934006E22E3 /* PokemonGO.app */,
			);
			name = Products;
			sourceTree = "<group>";
		};
		9ADB1E691EE5F934006E22E3 /* PokemonGO */ = {
			isa = PBXGroup;
			children = (
				9ADB1E6A1EE5F934006E22E3 /* AppDelegate.swift */,
				9ADB1E6C1EE5F934006E22E3 /* ViewController.swift */,
				9ADB1E6E1EE5F934006E22E3 /* Main.storyboard */,
				9ADB1E741EE5F934006E22E3 /* Assets.xcassets */,
				9ADB1E761EE5F934006E22E3 /* LaunchScreen.storyboard */,
				9ADB1E791EE5F934006E22E3 /* Info.plist */,
				9ADB1E711EE5F934006E22E3 /* PokemonGO.xcdatamodeld */,
			);
			path = PokemonGO;
			sourceTree = "<group>";
		};
		9ADB1E7F1EE5FA1E006E22E3 /* Frameworks */ = {
			isa = PBXGroup;
			children = (
				9ADB1E801EE5FA1F006E22E3 /* MapKit.framework */,
			);
			name = Frameworks;
			sourceTree = "<group>";
		};
/* End PBXGroup section */

/* Begin PBXNativeTarget section */
		9ADB1E661EE5F934006E22E3 /* PokemonGO */ = {
			isa = PBXNativeTarget;
			buildConfigurationList = 9ADB1E7C1EE5F934006E22E3 /* Build configuration list for PBXNativeTarget "PokemonGO" */;
			buildPhases = (
				9ADB1E631EE5F934006E22E3 /* Sources */,
				9ADB1E641EE5F934006E22E3 /* Frameworks */,
				9ADB1E651EE5F934006E22E3 /* Resources */,
			);
			buildRules = (
			);
			dependencies = (
			);
			name = PokemonGO;
			productName = PokemonGO;
			productReference = 9ADB1E671EE5F934006E22E3 /* PokemonGO.app */;
			productType = "com.apple.product-type.application";
		};
/* End PBXNativeTarget section */

/* Begin PBXProject section */
		9ADB1E5F1EE5F934006E22E3 /* Project object */ = {
			isa = PBXProject;
			attributes = {
				LastSwiftUpdateCheck = 0830;
				LastUpgradeCheck = 0830;
				ORGANIZATIONNAME = "Brian Benjamin Pareja Meruvia";
				TargetAttributes = {
					9ADB1E661EE5F934006E22E3 = {
						CreatedOnToolsVersion = 8.3.2;
						ProvisioningStyle = Automatic;
					};
				};
			};
			buildConfigurationList = 9ADB1E621EE5F934006E22E3 /* Build configuration list for PBXProject "PokemonGO" */;
			compatibilityVersion = "Xcode 3.2";
			developmentRegion = English;
			hasScannedForEncodings = 0;
			knownRegions = (
				en,
				Base,
			);
			mainGroup = 9ADB1E5E1EE5F934006E22E3;
			productRefGroup = 9ADB1E681EE5F934006E22E3 /* Products */;
			projectDirPath = "";
			projectRoot = "";
			targets = (
				9ADB1E661EE5F934006E22E3 /* PokemonGO */,
			);
		};
/* End PBXProject section */

/* Begin PBXResourcesBuildPhase section */
		9ADB1E651EE5F934006E22E3 /* Resources */ = {
			isa = PBXResourcesBuildPhase;
			buildActionMask = 2147483647;
			files = (
				9ADB1E781EE5F934006E22E3 /* LaunchScreen.storyboard in Resources */,
				9ADB1E751EE5F934006E22E3 /* Assets.xcassets in Resources */,
				9ADB1E701EE5F934006E22E3 /* Main.storyboard in Resources */,
			);
			runOnlyForDeploymentPostprocessing = 0;
		};
/* End PBXResourcesBuildPhase section */

/* Begin PBXSourcesBuildPhase section */
		9ADB1E631EE5F934006E22E3 /* Sources */ = {
			isa = PBXSourcesBuildPhase;
			buildActionMask = 2147483647;
			files = (
				9ADB1E6D1EE5F934006E22E3 /* ViewController.swift in Sources */,
				9ADB1E731EE5F934006E22E3 /* PokemonGO.xcdatamodeld in Sources */,
				9ADB1E6B1EE5F934006E22E3 /* AppDelegate.swift in Sources */,
			);
			runOnlyForDeploymentPostprocessing = 0;
		};
/* End PBXSourcesBuildPhase section */

/* Begin PBXVariantGroup section */
		9ADB1E6E1EE5F934006E22E3 /* Main.storyboard */ = {
			isa = PBXVariantGroup;
			children = (
				9ADB1E6F1EE5F934006E22E3 /* Base */,
			);
			name = Main.storyboard;
			sourceTree = "<group>";
		};
		9ADB1E761EE5F934006E22E3 /* LaunchScreen.storyboard */ = {
			isa = PBXVariantGroup;
			children = (
				9ADB1E771EE5F934006E22E3 /* Base */,
			);
			name = LaunchScreen.storyboard;
			sourceTree = "<group>";
		};
/* End PBXVariantGroup section */

/* Begin XCBuildConfiguration section */
		9ADB1E7A1EE5F934006E22E3 /* Debug */ = {
			isa = XCBuildConfiguration;
			buildSettings = {
				ALWAYS_SEARCH_USER_PATHS = NO;
				CLANG_ANALYZER_NONNULL = YES;
				CLANG_ANALYZER_NUMBER_OBJECT_CONVERSION = YES_AGGRESSIVE;
				CLANG_CXX_LANGUAGE_STANDARD = "gnu++0x";
				CLANG_CXX_LIBRARY = "libc++";
				CLANG_ENABLE_MODULES = YES;
				CLANG_ENABLE_OBJC_ARC = YES;
				CLANG_WARN_BOOL_CONVERSION = YES;
				CLANG_WARN_CONSTANT_CONVERSION = YES;
				CLANG_WARN_DIRECT_OBJC_ISA_USAGE = YES_ERROR;
				CLANG_WARN_DOCUMENTATION_COMMENTS = YES;
				CLANG_WARN_EMPTY_BODY = YES;
				CLANG_WARN_ENUM_CONVERSION = YES;
				CLANG_WARN_INFINITE_RECURSION = YES;
				CLANG_WARN_INT_CONVERSION = YES;
				CLANG_WARN_OBJC_ROOT_CLASS = YES_ERROR;
				CLANG_WARN_SUSPICIOUS_MOVE = YES;
				CLANG_WARN_UNREACHABLE_CODE = YES;
				CLANG_WARN__DUPLICATE_METHOD_MATCH = YES;
				"CODE_SIGN_IDENTITY[sdk=iphoneos*]" = "iPhone Developer";
				COPY_PHASE_STRIP = NO;
				DEBUG_INFORMATION_FORMAT = dwarf;
				ENABLE_STRICT_OBJC_MSGSEND = YES;
				ENABLE_TESTABILITY = YES;
				GCC_C_LANGUAGE_STANDARD = gnu99;
				GCC_DYNAMIC_NO_PIC = NO;
				GCC_NO_COMMON_BLOCKS = YES;
				GCC_OPTIMIZATION_LEVEL = 0;
				GCC_PREPROCESSOR_DEFINITIONS = (
					"DEBUG=1",
					"$(inherited)",
				);
				GCC_WARN_64_TO_32_BIT_CONVERSION = YES;
				GCC_WARN_ABOUT_RETURN_TYPE = YES_ERROR;
				GCC_WARN_UNDECLARED_SELECTOR = YES;
				GCC_WARN_UNINITIALIZED_AUTOS = YES_AGGRESSIVE;
				GCC_WARN_UNUSED_FUNCTION = YES;
				GCC_WARN_UNUSED_VARIABLE = YES;
				IPHONEOS_DEPLOYMENT_TARGET = 10.3;
				MTL_ENABLE_DEBUG_INFO = YES;
				ONLY_ACTIVE_ARCH = YES;
				SDKROOT = iphoneos;
				SWIFT_ACTIVE_COMPILATION_CONDITIONS = DEBUG;
				SWIFT_OPTIMIZATION_LEVEL = "-Onone";
				TARGETED_DEVICE_FAMILY = "1,2";
			};
			name = Debug;
		};
		9ADB1E7B1EE5F934006E22E3 /* Release */ = {
			isa = XCBuildConfiguration;
			buildSettings = {
				ALWAYS_SEARCH_USER_PATHS = NO;
				CLANG_ANALYZER_NONNULL = YES;
				CLANG_ANALYZER_NUMBER_OBJECT_CONVERSION = YES_AGGRESSIVE;
				CLANG_CXX_LANGUAGE_STANDARD = "gnu++0x";
				CLANG_CXX_LIBRARY = "libc++";
				CLANG_ENABLE_MODULES = YES;
				CLANG_ENABLE_OBJC_ARC = YES;
				CLANG_WARN_BOOL_CONVERSION = YES;
				CLANG_WARN_CONSTANT_CONVERSION = YES;
				CLANG_WARN_DIRECT_OBJC_ISA_USAGE = YES_ERROR;
				CLANG_WARN_DOCUMENTATION_COMMENTS = YES;
				CLANG_WARN_EMPTY_BODY = YES;
				CLANG_WARN_ENUM_CONVERSION = YES;
				CLANG_WARN_INFINITE_RECURSION = YES;
				CLANG_WARN_INT_CONVERSION = YES;
				CLANG_WARN_OBJC_ROOT_CLASS = YES_ERROR;
				CLANG_WARN_SUSPICIOUS_MOVE = YES;
				CLANG_WARN_UNREACHABLE_CODE = YES;
				CLANG_WARN__DUPLICATE_METHOD_MATCH = YES;
				"CODE_SIGN_IDENTITY[sdk=iphoneos*]" = "iPhone Developer";
				COPY_PHASE_STRIP = NO;
				DEBUG_INFORMATION_FORMAT = "dwarf-with-dsym";
				ENABLE_NS_ASSERTIONS = NO;
				ENABLE_STRICT_OBJC_MSGSEND = YES;
				GCC_C_LANGUAGE_STANDARD = gnu99;
				GCC_NO_COMMON_BLOCKS = YES;
				GCC_WARN_64_TO_32_BIT_CONVERSION = YES;
				GCC_WARN_ABOUT_RETURN_TYPE = YES_ERROR;
				GCC_WARN_UNDECLARED_SELECTOR = YES;
				GCC_WARN_UNINITIALIZED_AUTOS = YES_AGGRESSIVE;
				GCC_WARN_UNUSED_FUNCTION = YES;
				GCC_WARN_UNUSED_VARIABLE = YES;
				IPHONEOS_DEPLOYMENT_TARGET = 10.3;
				MTL_ENABLE_DEBUG_INFO = NO;
				SDKROOT = iphoneos;
				SWIFT_OPTIMIZATION_LEVEL = "-Owholemodule";
				TARGETED_DEVICE_FAMILY = "1,2";
				VALIDATE_PRODUCT = YES;
			};
			name = Release;
		};
		9ADB1E7D1EE5F934006E22E3 /* Debug */ = {
			isa = XCBuildConfiguration;
			buildSettings = {
				ASSETCATALOG_COMPILER_APPICON_NAME = AppIcon;
				INFOPLIST_FILE = PokemonGO/Info.plist;
				LD_RUNPATH_SEARCH_PATHS = "$(inherited) @executable_path/Frameworks";
				PRODUCT_BUNDLE_IDENTIFIER = com.CodeFlash.PokemonGO;
				PRODUCT_NAME = "$(TARGET_NAME)";
				SWIFT_VERSION = 3.0;
			};
			name = Debug;
		};
		9ADB1E7E1EE5F934006E22E3 /* Release */ = {
			isa = XCBuildConfiguration;
			buildSettings = {
				ASSETCATALOG_COMPILER_APPICON_NAME = AppIcon;
				INFOPLIST_FILE = PokemonGO/Info.plist;
				LD_RUNPATH_SEARCH_PATHS = "$(inherited) @executable_path/Frameworks";
				PRODUCT_BUNDLE_IDENTIFIER = com.CodeFlash.PokemonGO;
				PRODUCT_NAME = "$(TARGET_NAME)";
				SWIFT_VERSION = 3.0;
			};
			name = Release;
		};
/* End XCBuildConfiguration section */

/* Begin XCConfigurationList section */
		9ADB1E621EE5F934006E22E3 /* Build configuration list for PBXProject "PokemonGO" */ = {
			isa = XCConfigurationList;
			buildConfigurations = (
				9ADB1E7A1EE5F934006E22E3 /* Debug */,
				9ADB1E7B1EE5F934006E22E3 /* Release */,
			);
			defaultConfigurationIsVisible = 0;
			defaultConfigurationName = Release;
		};
		9ADB1E7C1EE5F934006E22E3 /* Build configuration list for PBXNativeTarget "PokemonGO" */ = {
			isa = XCConfigurationList;
			buildConfigurations = (
				9ADB1E7D1EE5F934006E22E3 /* Debug */,
				9ADB1E7E1EE5F934006E22E3 /* Release */,
			);
			defaultConfigurationIsVisible = 0;
		};
/* End XCConfigurationList section */

/* Begin XCVersionGroup section */
		9ADB1E711EE5F934006E22E3 /* PokemonGO.xcdatamodeld */ = {
			isa = XCVersionGroup;
			children = (
				9ADB1E721EE5F934006E22E3 /* PokemonGO.xcdatamodel */,
			);
			currentVersion = 9ADB1E721EE5F934006E22E3 /* PokemonGO.xcdatamodel */;
			path = PokemonGO.xcdatamodeld;
			sourceTree = "<group>";
			versionGroupType = wrapper.xcdatamodel;
		};
/* End XCVersionGroup section */
	};
	rootObject = 9ADB1E5F1EE5F934006E22E3 /* Project object */;
}
